{
  "originHash" : "b6e6bdf6962faaa6552d4d45bd7cc8ee5d02c0f771dbc234b2ba2213d948400a",
  "pins" : [
    {
      "identity" : "scanner",
      "kind" : "remoteSourceControl",
      "location" : "https://github.com/Shakhboz2021/Scanner.git",
      "state" : {
        "branch" : "main",
        "revision" : "ea886f8610f54086f9a3dd9d37540560be436fce"
      }
    }
  ],
  "version" : 3
}
