{
  "originHash" : "b6e6bdf6962faaa6552d4d45bd7cc8ee5d02c0f771dbc234b2ba2213d948400a",
  "pins" : [
    {
      "identity" : "scanner",
      "kind" : "remoteSourceControl",
      "location" : "https://github.com/Shakhboz2021/Scanner.git",
      "state" : {
        "branch" : "main",
        "revision" : "c115ff3c0221d64a1974eccf5da29d9aa8430944"
      }
    }
  ],
  "version" : 3
}
